// !$*UTF8*$!
{
	archiveVersion = 1;
	classes = {
	};
	objectVersion = 50;
	objects = {

/* Begin PBXBuildFile section */
		9019173D2223FC7B00DA9F67 /* AppDelegate.swift in Sources */ = {isa = PBXBuildFile; fileRef = 9019173C2223FC7B00DA9F67 /* AppDelegate.swift */; };
		9019173F2223FC7B00DA9F67 /* TinderHomeController.swift in Sources */ = {isa = PBXBuildFile; fileRef = 9019173E2223FC7B00DA9F67 /* TinderHomeController.swift */; };
		901917422223FC7B00DA9F67 /* Main.storyboard in Resources */ = {isa = PBXBuildFile; fileRef = 901917402223FC7B00DA9F67 /* Main.storyboard */; };
		901917442223FC7D00DA9F67 /* Assets.xcassets in Resources */ = {isa = PBXBuildFile; fileRef = 901917432223FC7D00DA9F67 /* Assets.xcassets */; };
		901917472223FC7D00DA9F67 /* LaunchScreen.storyboard in Resources */ = {isa = PBXBuildFile; fileRef = 901917452223FC7D00DA9F67 /* LaunchScreen.storyboard */; };
		901917522223FC7D00DA9F67 /* TinderReplicationTests.swift in Sources */ = {isa = PBXBuildFile; fileRef = 901917512223FC7D00DA9F67 /* TinderReplicationTests.swift */; };
		9022387222256CE700D7B16F /* MiddleCardView.swift in Sources */ = {isa = PBXBuildFile; fileRef = 9022387122256CE700D7B16F /* MiddleCardView.swift */; };
		90223875222592C900D7B16F /* UserModel.swift in Sources */ = {isa = PBXBuildFile; fileRef = 90223874222592C900D7B16F /* UserModel.swift */; };
		9022387922266B8A00D7B16F /* TinderCardViewModel.swift in Sources */ = {isa = PBXBuildFile; fileRef = 9022387822266B8A00D7B16F /* TinderCardViewModel.swift */; };
		9022387B222675D800D7B16F /* AdvertiserModel.swift in Sources */ = {isa = PBXBuildFile; fileRef = 9022387A222675D800D7B16F /* AdvertiserModel.swift */; };
		909C29A522253D1C00ECDD04 /* Extension+UIKit.swift in Sources */ = {isa = PBXBuildFile; fileRef = 909C29A422253D1C00ECDD04 /* Extension+UIKit.swift */; };
		909C29A72225438E00ECDD04 /* TopStackView.swift in Sources */ = {isa = PBXBuildFile; fileRef = 909C29A62225438E00ECDD04 /* TopStackView.swift */; };
		909C29A92225439F00ECDD04 /* BottomStackView.swift in Sources */ = {isa = PBXBuildFile; fileRef = 909C29A82225439F00ECDD04 /* BottomStackView.swift */; };
/* End PBXBuildFile section */

/* Begin PBXContainerItemProxy section */
		9019174E2223FC7D00DA9F67 /* PBXContainerItemProxy */ = {
			isa = PBXContainerItemProxy;
			containerPortal = 901917312223FC7B00DA9F67 /* Project object */;
			proxyType = 1;
			remoteGlobalIDString = 901917382223FC7B00DA9F67;
			remoteInfo = TinderReplication;
		};
/* End PBXContainerItemProxy section */

/* Begin PBXFileReference section */
		901917392223FC7B00DA9F67 /* TinderReplication.app */ = {isa = PBXFileReference; explicitFileType = wrapper.application; includeInIndex = 0; path = TinderReplication.app; sourceTree = BUILT_PRODUCTS_DIR; };
		9019173C2223FC7B00DA9F67 /* AppDelegate.swift */ = {isa = PBXFileReference; lastKnownFileType = sourcecode.swift; path = AppDelegate.swift; sourceTree = "<group>"; };
		9019173E2223FC7B00DA9F67 /* TinderHomeController.swift */ = {isa = PBXFileReference; lastKnownFileType = sourcecode.swift; path = TinderHomeController.swift; sourceTree = "<group>"; };
		901917412223FC7B00DA9F67 /* Base */ = {isa = PBXFileReference; lastKnownFileType = file.storyboard; name = Base; path = Base.lproj/Main.storyboard; sourceTree = "<group>"; };
		901917432223FC7D00DA9F67 /* Assets.xcassets */ = {isa = PBXFileReference; lastKnownFileType = folder.assetcatalog; path = Assets.xcassets; sourceTree = "<group>"; };
		901917462223FC7D00DA9F67 /* Base */ = {isa = PBXFileReference; lastKnownFileType = file.storyboard; name = Base; path = Base.lproj/LaunchScreen.storyboard; sourceTree = "<group>"; };
		901917482223FC7D00DA9F67 /* Info.plist */ = {isa = PBXFileReference; lastKnownFileType = text.plist.xml; path = Info.plist; sourceTree = "<group>"; };
		9019174D2223FC7D00DA9F67 /* TinderReplicationTests.xctest */ = {isa = PBXFileReference; explicitFileType = wrapper.cfbundle; includeInIndex = 0; path = TinderReplicationTests.xctest; sourceTree = BUILT_PRODUCTS_DIR; };
		901917512223FC7D00DA9F67 /* TinderReplicationTests.swift */ = {isa = PBXFileReference; lastKnownFileType = sourcecode.swift; path = TinderReplicationTests.swift; sourceTree = "<group>"; };
		901917532223FC7D00DA9F67 /* Info.plist */ = {isa = PBXFileReference; lastKnownFileType = text.plist.xml; path = Info.plist; sourceTree = "<group>"; };
		9022387122256CE700D7B16F /* MiddleCardView.swift */ = {isa = PBXFileReference; lastKnownFileType = sourcecode.swift; path = MiddleCardView.swift; sourceTree = "<group>"; };
		90223874222592C900D7B16F /* UserModel.swift */ = {isa = PBXFileReference; lastKnownFileType = sourcecode.swift; path = UserModel.swift; sourceTree = "<group>"; };
		9022387822266B8A00D7B16F /* TinderCardViewModel.swift */ = {isa = PBXFileReference; lastKnownFileType = sourcecode.swift; path = TinderCardViewModel.swift; sourceTree = "<group>"; };
		9022387A222675D800D7B16F /* AdvertiserModel.swift */ = {isa = PBXFileReference; lastKnownFileType = sourcecode.swift; path = AdvertiserModel.swift; sourceTree = "<group>"; };
		909C29A422253D1C00ECDD04 /* Extension+UIKit.swift */ = {isa = PBXFileReference; lastKnownFileType = sourcecode.swift; path = "Extension+UIKit.swift"; sourceTree = "<group>"; };
		909C29A62225438E00ECDD04 /* TopStackView.swift */ = {isa = PBXFileReference; lastKnownFileType = sourcecode.swift; path = TopStackView.swift; sourceTree = "<group>"; };
		909C29A82225439F00ECDD04 /* BottomStackView.swift */ = {isa = PBXFileReference; lastKnownFileType = sourcecode.swift; path = BottomStackView.swift; sourceTree = "<group>"; };
/* End PBXFileReference section */

/* Begin PBXFrameworksBuildPhase section */
		901917362223FC7B00DA9F67 /* Frameworks */ = {
			isa = PBXFrameworksBuildPhase;
			buildActionMask = 2147483647;
			files = (
			);
			runOnlyForDeploymentPostprocessing = 0;
		};
		9019174A2223FC7D00DA9F67 /* Frameworks */ = {
			isa = PBXFrameworksBuildPhase;
			buildActionMask = 2147483647;
			files = (
			);
			runOnlyForDeploymentPostprocessing = 0;
		};
/* End PBXFrameworksBuildPhase section */

/* Begin PBXGroup section */
		901917302223FC7B00DA9F67 = {
			isa = PBXGroup;
			children = (
				9019173B2223FC7B00DA9F67 /* TinderReplication */,
				901917502223FC7D00DA9F67 /* TinderReplicationTests */,
				9019173A2223FC7B00DA9F67 /* Products */,
			);
			sourceTree = "<group>";
		};
		9019173A2223FC7B00DA9F67 /* Products */ = {
			isa = PBXGroup;
			children = (
				901917392223FC7B00DA9F67 /* TinderReplication.app */,
				9019174D2223FC7D00DA9F67 /* TinderReplicationTests.xctest */,
			);
			name = Products;
			sourceTree = "<group>";
		};
		9019173B2223FC7B00DA9F67 /* TinderReplication */ = {
			isa = PBXGroup;
			children = (
				902238772226685A00D7B16F /* ViewModel */,
				90223873222592A300D7B16F /* Model */,
				909C29A222253AC900ECDD04 /* Views */,
				902238762226674600D7B16F /* Controller */,
				909C29A322253CF200ECDD04 /* Extensions */,
				9019173C2223FC7B00DA9F67 /* AppDelegate.swift */,
				901917402223FC7B00DA9F67 /* Main.storyboard */,
				901917432223FC7D00DA9F67 /* Assets.xcassets */,
				901917452223FC7D00DA9F67 /* LaunchScreen.storyboard */,
				901917482223FC7D00DA9F67 /* Info.plist */,
			);
			path = TinderReplication;
			sourceTree = "<group>";
		};
		901917502223FC7D00DA9F67 /* TinderReplicationTests */ = {
			isa = PBXGroup;
			children = (
				901917512223FC7D00DA9F67 /* TinderReplicationTests.swift */,
				901917532223FC7D00DA9F67 /* Info.plist */,
			);
			path = TinderReplicationTests;
			sourceTree = "<group>";
		};
		90223873222592A300D7B16F /* Model */ = {
			isa = PBXGroup;
			children = (
				90223874222592C900D7B16F /* UserModel.swift */,
				9022387A222675D800D7B16F /* AdvertiserModel.swift */,
			);
			path = Model;
			sourceTree = "<group>";
		};
		902238762226674600D7B16F /* Controller */ = {
			isa = PBXGroup;
			children = (
				9019173E2223FC7B00DA9F67 /* TinderHomeController.swift */,
			);
			path = Controller;
			sourceTree = "<group>";
		};
		902238772226685A00D7B16F /* ViewModel */ = {
			isa = PBXGroup;
			children = (
				9022387822266B8A00D7B16F /* TinderCardViewModel.swift */,
			);
			path = ViewModel;
			sourceTree = "<group>";
		};
		909C29A222253AC900ECDD04 /* Views */ = {
			isa = PBXGroup;
			children = (
				909C29A62225438E00ECDD04 /* TopStackView.swift */,
				909C29A82225439F00ECDD04 /* BottomStackView.swift */,
				9022387122256CE700D7B16F /* MiddleCardView.swift */,
			);
			path = Views;
			sourceTree = "<group>";
		};
		909C29A322253CF200ECDD04 /* Extensions */ = {
			isa = PBXGroup;
			children = (
				909C29A422253D1C00ECDD04 /* Extension+UIKit.swift */,
			);
			path = Extensions;
			sourceTree = "<group>";
		};
/* End PBXGroup section */

/* Begin PBXNativeTarget section */
		901917382223FC7B00DA9F67 /* TinderReplication */ = {
			isa = PBXNativeTarget;
			buildConfigurationList = 901917562223FC7D00DA9F67 /* Build configuration list for PBXNativeTarget "TinderReplication" */;
			buildPhases = (
				901917352223FC7B00DA9F67 /* Sources */,
				901917362223FC7B00DA9F67 /* Frameworks */,
				901917372223FC7B00DA9F67 /* Resources */,
			);
			buildRules = (
			);
			dependencies = (
			);
			name = TinderReplication;
			productName = TinderReplication;
			productReference = 901917392223FC7B00DA9F67 /* TinderReplication.app */;
			productType = "com.apple.product-type.application";
		};
		9019174C2223FC7D00DA9F67 /* TinderReplicationTests */ = {
			isa = PBXNativeTarget;
			buildConfigurationList = 901917592223FC7D00DA9F67 /* Build configuration list for PBXNativeTarget "TinderReplicationTests" */;
			buildPhases = (
				901917492223FC7D00DA9F67 /* Sources */,
				9019174A2223FC7D00DA9F67 /* Frameworks */,
				9019174B2223FC7D00DA9F67 /* Resources */,
			);
			buildRules = (
			);
			dependencies = (
				9019174F2223FC7D00DA9F67 /* PBXTargetDependency */,
			);
			name = TinderReplicationTests;
			productName = TinderReplicationTests;
			productReference = 9019174D2223FC7D00DA9F67 /* TinderReplicationTests.xctest */;
			productType = "com.apple.product-type.bundle.unit-test";
		};
/* End PBXNativeTarget section */

/* Begin PBXProject section */
		901917312223FC7B00DA9F67 /* Project object */ = {
			isa = PBXProject;
			attributes = {
				LastSwiftUpdateCheck = 1010;
				LastUpgradeCheck = 1010;
				ORGANIZATIONNAME = "Banerjee,Subhodip";
				TargetAttributes = {
					901917382223FC7B00DA9F67 = {
						CreatedOnToolsVersion = 10.1;
					};
					9019174C2223FC7D00DA9F67 = {
						CreatedOnToolsVersion = 10.1;
						TestTargetID = 901917382223FC7B00DA9F67;
					};
				};
			};
			buildConfigurationList = 901917342223FC7B00DA9F67 /* Build configuration list for PBXProject "TinderReplication" */;
			compatibilityVersion = "Xcode 9.3";
			developmentRegion = en;
			hasScannedForEncodings = 0;
			knownRegions = (
				en,
				Base,
			);
			mainGroup = 901917302223FC7B00DA9F67;
			productRefGroup = 9019173A2223FC7B00DA9F67 /* Products */;
			projectDirPath = "";
			projectRoot = "";
			targets = (
				901917382223FC7B00DA9F67 /* TinderReplication */,
				9019174C2223FC7D00DA9F67 /* TinderReplicationTests */,
			);
		};
/* End PBXProject section */

/* Begin PBXResourcesBuildPhase section */
		901917372223FC7B00DA9F67 /* Resources */ = {
			isa = PBXResourcesBuildPhase;
			buildActionMask = 2147483647;
			files = (
				901917472223FC7D00DA9F67 /* LaunchScreen.storyboard in Resources */,
				901917442223FC7D00DA9F67 /* Assets.xcassets in Resources */,
				901917422223FC7B00DA9F67 /* Main.storyboard in Resources */,
			);
			runOnlyForDeploymentPostprocessing = 0;
		};
		9019174B2223FC7D00DA9F67 /* Resources */ = {
			isa = PBXResourcesBuildPhase;
			buildActionMask = 2147483647;
			files = (
			);
			runOnlyForDeploymentPostprocessing = 0;
		};
/* End PBXResourcesBuildPhase section */

/* Begin PBXSourcesBuildPhase section */
		901917352223FC7B00DA9F67 /* Sources */ = {
			isa = PBXSourcesBuildPhase;
			buildActionMask = 2147483647;
			files = (
				9022387B222675D800D7B16F /* AdvertiserModel.swift in Sources */,
				9022387922266B8A00D7B16F /* TinderCardViewModel.swift in Sources */,
				909C29A92225439F00ECDD04 /* BottomStackView.swift in Sources */,
				90223875222592C900D7B16F /* UserModel.swift in Sources */,
				909C29A522253D1C00ECDD04 /* Extension+UIKit.swift in Sources */,
				909C29A72225438E00ECDD04 /* TopStackView.swift in Sources */,
				9019173F2223FC7B00DA9F67 /* TinderHomeController.swift in Sources */,
				9019173D2223FC7B00DA9F67 /* AppDelegate.swift in Sources */,
				9022387222256CE700D7B16F /* MiddleCardView.swift in Sources */,
			);
			runOnlyForDeploymentPostprocessing = 0;
		};
		901917492223FC7D00DA9F67 /* Sources */ = {
			isa = PBXSourcesBuildPhase;
			buildActionMask = 2147483647;
			files = (
				901917522223FC7D00DA9F67 /* TinderReplicationTests.swift in Sources */,
			);
			runOnlyForDeploymentPostprocessing = 0;
		};
/* End PBXSourcesBuildPhase section */

/* Begin PBXTargetDependency section */
		9019174F2223FC7D00DA9F67 /* PBXTargetDependency */ = {
			isa = PBXTargetDependency;
			target = 901917382223FC7B00DA9F67 /* TinderReplication */;
			targetProxy = 9019174E2223FC7D00DA9F67 /* PBXContainerItemProxy */;
		};
/* End PBXTargetDependency section */

/* Begin PBXVariantGroup section */
		901917402223FC7B00DA9F67 /* Main.storyboard */ = {
			isa = PBXVariantGroup;
			children = (
				901917412223FC7B00DA9F67 /* Base */,
			);
			name = Main.storyboard;
			sourceTree = "<group>";
		};
		901917452223FC7D00DA9F67 /* LaunchScreen.storyboard */ = {
			isa = PBXVariantGroup;
			children = (
				901917462223FC7D00DA9F67 /* Base */,
			);
			name = LaunchScreen.storyboard;
			sourceTree = "<group>";
		};
/* End PBXVariantGroup section */

/* Begin XCBuildConfiguration section */
		901917542223FC7D00DA9F67 /* Debug */ = {
			isa = XCBuildConfiguration;
			buildSettings = {
				ALWAYS_SEARCH_USER_PATHS = NO;
				CLANG_ANALYZER_NONNULL = YES;
				CLANG_ANALYZER_NUMBER_OBJECT_CONVERSION = YES_AGGRESSIVE;
				CLANG_CXX_LANGUAGE_STANDARD = "gnu++14";
				CLANG_CXX_LIBRARY = "libc++";
				CLANG_ENABLE_MODULES = YES;
				CLANG_ENABLE_OBJC_ARC = YES;
				CLANG_ENABLE_OBJC_WEAK = YES;
				CLANG_WARN_BLOCK_CAPTURE_AUTORELEASING = YES;
				CLANG_WARN_BOOL_CONVERSION = YES;
				CLANG_WARN_COMMA = YES;
				CLANG_WARN_CONSTANT_CONVERSION = YES;
				CLANG_WARN_DEPRECATED_OBJC_IMPLEMENTATIONS = YES;
				CLANG_WARN_DIRECT_OBJC_ISA_USAGE = YES_ERROR;
				CLANG_WARN_DOCUMENTATION_COMMENTS = YES;
				CLANG_WARN_EMPTY_BODY = YES;
				CLANG_WARN_ENUM_CONVERSION = YES;
				CLANG_WARN_INFINITE_RECURSION = YES;
				CLANG_WARN_INT_CONVERSION = YES;
				CLANG_WARN_NON_LITERAL_NULL_CONVERSION = YES;
				CLANG_WARN_OBJC_IMPLICIT_RETAIN_SELF = YES;
				CLANG_WARN_OBJC_LITERAL_CONVERSION = YES;
				CLANG_WARN_OBJC_ROOT_CLASS = YES_ERROR;
				CLANG_WARN_RANGE_LOOP_ANALYSIS = YES;
				CLANG_WARN_STRICT_PROTOTYPES = YES;
				CLANG_WARN_SUSPICIOUS_MOVE = YES;
				CLANG_WARN_UNGUARDED_AVAILABILITY = YES_AGGRESSIVE;
				CLANG_WARN_UNREACHABLE_CODE = YES;
				CLANG_WARN__DUPLICATE_METHOD_MATCH = YES;
				CODE_SIGN_IDENTITY = "iPhone Developer";
				COPY_PHASE_STRIP = NO;
				DEBUG_INFORMATION_FORMAT = dwarf;
				ENABLE_STRICT_OBJC_MSGSEND = YES;
				ENABLE_TESTABILITY = YES;
				GCC_C_LANGUAGE_STANDARD = gnu11;
				GCC_DYNAMIC_NO_PIC = NO;
				GCC_NO_COMMON_BLOCKS = YES;
				GCC_OPTIMIZATION_LEVEL = 0;
				GCC_PREPROCESSOR_DEFINITIONS = (
					"DEBUG=1",
					"$(inherited)",
				);
				GCC_WARN_64_TO_32_BIT_CONVERSION = YES;
				GCC_WARN_ABOUT_RETURN_TYPE = YES_ERROR;
				GCC_WARN_UNDECLARED_SELECTOR = YES;
				GCC_WARN_UNINITIALIZED_AUTOS = YES_AGGRESSIVE;
				GCC_WARN_UNUSED_FUNCTION = YES;
				GCC_WARN_UNUSED_VARIABLE = YES;
				IPHONEOS_DEPLOYMENT_TARGET = 12.1;
				MTL_ENABLE_DEBUG_INFO = INCLUDE_SOURCE;
				MTL_FAST_MATH = YES;
				ONLY_ACTIVE_ARCH = YES;
				SDKROOT = iphoneos;
				SWIFT_ACTIVE_COMPILATION_CONDITIONS = DEBUG;
				SWIFT_OPTIMIZATION_LEVEL = "-Onone";
			};
			name = Debug;
		};
		901917552223FC7D00DA9F67 /* Release */ = {
			isa = XCBuildConfiguration;
			buildSettings = {
				ALWAYS_SEARCH_USER_PATHS = NO;
				CLANG_ANALYZER_NONNULL = YES;
				CLANG_ANALYZER_NUMBER_OBJECT_CONVERSION = YES_AGGRESSIVE;
				CLANG_CXX_LANGUAGE_STANDARD = "gnu++14";
				CLANG_CXX_LIBRARY = "libc++";
				CLANG_ENABLE_MODULES = YES;
				CLANG_ENABLE_OBJC_ARC = YES;
				CLANG_ENABLE_OBJC_WEAK = YES;
				CLANG_WARN_BLOCK_CAPTURE_AUTORELEASING = YES;
				CLANG_WARN_BOOL_CONVERSION = YES;
				CLANG_WARN_COMMA = YES;
				CLANG_WARN_CONSTANT_CONVERSION = YES;
				CLANG_WARN_DEPRECATED_OBJC_IMPLEMENTATIONS = YES;
				CLANG_WARN_DIRECT_OBJC_ISA_USAGE = YES_ERROR;
				CLANG_WARN_DOCUMENTATION_COMMENTS = YES;
				CLANG_WARN_EMPTY_BODY = YES;
				CLANG_WARN_ENUM_CONVERSION = YES;
				CLANG_WARN_INFINITE_RECURSION = YES;
				CLANG_WARN_INT_CONVERSION = YES;
				CLANG_WARN_NON_LITERAL_NULL_CONVERSION = YES;
				CLANG_WARN_OBJC_IMPLICIT_RETAIN_SELF = YES;
				CLANG_WARN_OBJC_LITERAL_CONVERSION = YES;
				CLANG_WARN_OBJC_ROOT_CLASS = YES_ERROR;
				CLANG_WARN_RANGE_LOOP_ANALYSIS = YES;
				CLANG_WARN_STRICT_PROTOTYPES = YES;
				CLANG_WARN_SUSPICIOUS_MOVE = YES;
				CLANG_WARN_UNGUARDED_AVAILABILITY = YES_AGGRESSIVE;
				CLANG_WARN_UNREACHABLE_CODE = YES;
				CLANG_WARN__DUPLICATE_METHOD_MATCH = YES;
				CODE_SIGN_IDENTITY = "iPhone Developer";
				COPY_PHASE_STRIP = NO;
				DEBUG_INFORMATION_FORMAT = "dwarf-with-dsym";
				ENABLE_NS_ASSERTIONS = NO;
				ENABLE_STRICT_OBJC_MSGSEND = YES;
				GCC_C_LANGUAGE_STANDARD = gnu11;
				GCC_NO_COMMON_BLOCKS = YES;
				GCC_WARN_64_TO_32_BIT_CONVERSION = YES;
				GCC_WARN_ABOUT_RETURN_TYPE = YES_ERROR;
				GCC_WARN_UNDECLARED_SELECTOR = YES;
				GCC_WARN_UNINITIALIZED_AUTOS = YES_AGGRESSIVE;
				GCC_WARN_UNUSED_FUNCTION = YES;
				GCC_WARN_UNUSED_VARIABLE = YES;
				IPHONEOS_DEPLOYMENT_TARGET = 12.1;
				MTL_ENABLE_DEBUG_INFO = NO;
				MTL_FAST_MATH = YES;
				SDKROOT = iphoneos;
				SWIFT_COMPILATION_MODE = wholemodule;
				SWIFT_OPTIMIZATION_LEVEL = "-O";
				VALIDATE_PRODUCT = YES;
			};
			name = Release;
		};
		901917572223FC7D00DA9F67 /* Debug */ = {
			isa = XCBuildConfiguration;
			buildSettings = {
				ASSETCATALOG_COMPILER_APPICON_NAME = AppIcon;
				CODE_SIGN_STYLE = Automatic;
				INFOPLIST_FILE = TinderReplication/Info.plist;
				LD_RUNPATH_SEARCH_PATHS = (
					"$(inherited)",
					"@executable_path/Frameworks",
				);
				PRODUCT_BUNDLE_IDENTIFIER = XYZ.TinderReplication;
				PRODUCT_NAME = "$(TARGET_NAME)";
				SWIFT_VERSION = 4.2;
				TARGETED_DEVICE_FAMILY = "1,2";
			};
			name = Debug;
		};
		901917582223FC7D00DA9F67 /* Release */ = {
			isa = XCBuildConfiguration;
			buildSettings = {
				ASSETCATALOG_COMPILER_APPICON_NAME = AppIcon;
				CODE_SIGN_STYLE = Automatic;
				INFOPLIST_FILE = TinderReplication/Info.plist;
				LD_RUNPATH_SEARCH_PATHS = (
					"$(inherited)",
					"@executable_path/Frameworks",
				);
				PRODUCT_BUNDLE_IDENTIFIER = XYZ.TinderReplication;
				PRODUCT_NAME = "$(TARGET_NAME)";
				SWIFT_VERSION = 4.2;
				TARGETED_DEVICE_FAMILY = "1,2";
			};
			name = Release;
		};
		9019175A2223FC7D00DA9F67 /* Debug */ = {
			isa = XCBuildConfiguration;
			buildSettings = {
				ALWAYS_EMBED_SWIFT_STANDARD_LIBRARIES = YES;
				BUNDLE_LOADER = "$(TEST_HOST)";
				CODE_SIGN_STYLE = Automatic;
				INFOPLIST_FILE = TinderReplicationTests/Info.plist;
				LD_RUNPATH_SEARCH_PATHS = (
					"$(inherited)",
					"@executable_path/Frameworks",
					"@loader_path/Frameworks",
				);
				PRODUCT_BUNDLE_IDENTIFIER = XYZ.TinderReplicationTests;
				PRODUCT_NAME = "$(TARGET_NAME)";
				SWIFT_VERSION = 4.2;
				TARGETED_DEVICE_FAMILY = "1,2";
				TEST_HOST = "$(BUILT_PRODUCTS_DIR)/TinderReplication.app/TinderReplication";
			};
			name = Debug;
		};
		9019175B2223FC7D00DA9F67 /* Release */ = {
			isa = XCBuildConfiguration;
			buildSettings = {
				ALWAYS_EMBED_SWIFT_STANDARD_LIBRARIES = YES;
				BUNDLE_LOADER = "$(TEST_HOST)";
				CODE_SIGN_STYLE = Automatic;
				INFOPLIST_FILE = TinderReplicationTests/Info.plist;
				LD_RUNPATH_SEARCH_PATHS = (
					"$(inherited)",
					"@executable_path/Frameworks",
					"@loader_path/Frameworks",
				);
				PRODUCT_BUNDLE_IDENTIFIER = XYZ.TinderReplicationTests;
				PRODUCT_NAME = "$(TARGET_NAME)";
				SWIFT_VERSION = 4.2;
				TARGETED_DEVICE_FAMILY = "1,2";
				TEST_HOST = "$(BUILT_PRODUCTS_DIR)/TinderReplication.app/TinderReplication";
			};
			name = Release;
		};
/* End XCBuildConfiguration section */

/* Begin XCConfigurationList section */
		901917342223FC7B00DA9F67 /* Build configuration list for PBXProject "TinderReplication" */ = {
			isa = XCConfigurationList;
			buildConfigurations = (
				901917542223FC7D00DA9F67 /* Debug */,
				901917552223FC7D00DA9F67 /* Release */,
			);
			defaultConfigurationIsVisible = 0;
			defaultConfigurationName = Release;
		};
		901917562223FC7D00DA9F67 /* Build configuration list for PBXNativeTarget "TinderReplication" */ = {
			isa = XCConfigurationList;
			buildConfigurations = (
				901917572223FC7D00DA9F67 /* Debug */,
				901917582223FC7D00DA9F67 /* Release */,
			);
			defaultConfigurationIsVisible = 0;
			defaultConfigurationName = Release;
		};
		901917592223FC7D00DA9F67 /* Build configuration list for PBXNativeTarget "TinderReplicationTests" */ = {
			isa = XCConfigurationList;
			buildConfigurations = (
				9019175A2223FC7D00DA9F67 /* Debug */,
				9019175B2223FC7D00DA9F67 /* Release */,
			);
			defaultConfigurationIsVisible = 0;
			defaultConfigurationName = Release;
		};
/* End XCConfigurationList section */
	};
	rootObject = 901917312223FC7B00DA9F67 /* Project object */;
}
